
Microsoft Visual Studio Solution File, Format Version 12.00
# Visual Studio Version 17
VisualStudioVersion = 17.4.33213.308
MinimumVisualStudioVersion = 10.0.40219.1
Project("{8BC9CEB8-8B4A-11D0-8D11-00A0C91BC942}") = "01_intro", "01_intro\01_intro.vcxproj", "{5208B298-9F87-4E04-9052-1F0E17B39985}"
EndProject
Project("{8BC9CEB8-8B4A-11D0-8D11-00A0C91BC942}") = "02_if_else_switch", "02_if_else_switch\02_if_else_switch.vcxproj", "{E300E228-D003-4F04-8FC3-A1A1D520A8C0}"
EndProject
Project("{8BC9CEB8-8B4A-11D0-8D11-00A0C91BC942}") = "03_cycles", "03_cycles\03_cycles.vcxproj", "{7166C8E0-07A6-490D-B1B1-8EF16213F401}"
EndProject
Project("{8BC9CEB8-8B4A-11D0-8D11-00A0C91BC942}") = "04_array", "04_фккфн\04_фккфн.vcxproj", "{01FB08C8-1240-4126-BA34-CD28E4AD6843}"
EndProject
Project("{8BC9CEB8-8B4A-11D0-8D11-00A0C91BC942}") = "05_array sorted", "05_array sorted\05_array sorted.vcxproj", "{3B65DD09-BA63-478C-9D03-1E61F6E5AFCE}"
EndProject
Project("{8BC9CEB8-8B4A-11D0-8D11-00A0C91BC942}") = "06_helper home array", "06_helper home array\06_helper home array.vcxproj", "{6866289A-08F7-40F5-9A37-68C9E9C6A520}"
EndProject
Project("{8BC9CEB8-8B4A-11D0-8D11-00A0C91BC942}") = "07_multi array", "07_multi array\07_multi array.vcxproj", "{059D7A35-0064-49D1-B4BE-B990E349BD01}"
EndProject
Project("{8BC9CEB8-8B4A-11D0-8D11-00A0C91BC942}") = "08_helper home array", "08_helper home array\08_helper home array.vcxproj", "{E76F28B8-4E83-4DC7-9D85-DC2B8E0D829D}"
EndProject
Project("{8BC9CEB8-8B4A-11D0-8D11-00A0C91BC942}") = "09_function", "09_function\09_function.vcxproj", "{D4A7E836-DBE2-40C4-8C31-8B1CB63C1A0F}"
EndProject
Project("{8BC9CEB8-8B4A-11D0-8D11-00A0C91BC942}") = "10_function _ overide_template", "10_function _ overide_template\10_function _ overide_template.vcxproj", "{9B4E6584-FB92-4EB0-8584-28CE700167C5}"
EndProject
Project("{8BC9CEB8-8B4A-11D0-8D11-00A0C91BC942}") = "11_recursive", "11_recursive\11_recursive.vcxproj", "{354996DA-078A-4C45-A3E6-931B9E9B5EAC}"
EndProject
Project("{8BC9CEB8-8B4A-11D0-8D11-00A0C91BC942}") = "12_quick sort _ binary search", "12_quick sort _ binary search\12_quick sort _ binary search.vcxproj", "{127DF41A-7C36-45D0-B591-5E1F81A3E2C2}"
EndProject
Project("{8BC9CEB8-8B4A-11D0-8D11-00A0C91BC942}") = "13_pointers", "13_pointers\13_pointers.vcxproj", "{94D60A71-032E-47B0-81C0-CF12DFD43DDF}"
EndProject
Project("{8BC9CEB8-8B4A-11D0-8D11-00A0C91BC942}") = "14_reference_dymanic array", "14_reference_dymanic array\14_reference_dymanic array.vcxproj", "{285F201F-FA40-4A3D-BDE9-D8BD73A98869}"
EndProject
Global
	GlobalSection(SolutionConfigurationPlatforms) = preSolution
		Debug|x64 = Debug|x64
		Debug|x86 = Debug|x86
		Release|x64 = Release|x64
		Release|x86 = Release|x86
	EndGlobalSection
	GlobalSection(ProjectConfigurationPlatforms) = postSolution
		{5208B298-9F87-4E04-9052-1F0E17B39985}.Debug|x64.ActiveCfg = Debug|x64
		{5208B298-9F87-4E04-9052-1F0E17B39985}.Debug|x64.Build.0 = Debug|x64
		{5208B298-9F87-4E04-9052-1F0E17B39985}.Debug|x86.ActiveCfg = Debug|Win32
		{5208B298-9F87-4E04-9052-1F0E17B39985}.Debug|x86.Build.0 = Debug|Win32
		{5208B298-9F87-4E04-9052-1F0E17B39985}.Release|x64.ActiveCfg = Release|x64
		{5208B298-9F87-4E04-9052-1F0E17B39985}.Release|x64.Build.0 = Release|x64
		{5208B298-9F87-4E04-9052-1F0E17B39985}.Release|x86.ActiveCfg = Release|Win32
		{5208B298-9F87-4E04-9052-1F0E17B39985}.Release|x86.Build.0 = Release|Win32
		{E300E228-D003-4F04-8FC3-A1A1D520A8C0}.Debug|x64.ActiveCfg = Debug|x64
		{E300E228-D003-4F04-8FC3-A1A1D520A8C0}.Debug|x64.Build.0 = Debug|x64
		{E300E228-D003-4F04-8FC3-A1A1D520A8C0}.Debug|x86.ActiveCfg = Debug|Win32
		{E300E228-D003-4F04-8FC3-A1A1D520A8C0}.Debug|x86.Build.0 = Debug|Win32
		{E300E228-D003-4F04-8FC3-A1A1D520A8C0}.Release|x64.ActiveCfg = Release|x64
		{E300E228-D003-4F04-8FC3-A1A1D520A8C0}.Release|x64.Build.0 = Release|x64
		{E300E228-D003-4F04-8FC3-A1A1D520A8C0}.Release|x86.ActiveCfg = Release|Win32
		{E300E228-D003-4F04-8FC3-A1A1D520A8C0}.Release|x86.Build.0 = Release|Win32
		{7166C8E0-07A6-490D-B1B1-8EF16213F401}.Debug|x64.ActiveCfg = Debug|x64
		{7166C8E0-07A6-490D-B1B1-8EF16213F401}.Debug|x64.Build.0 = Debug|x64
		{7166C8E0-07A6-490D-B1B1-8EF16213F401}.Debug|x86.ActiveCfg = Debug|Win32
		{7166C8E0-07A6-490D-B1B1-8EF16213F401}.Debug|x86.Build.0 = Debug|Win32
		{7166C8E0-07A6-490D-B1B1-8EF16213F401}.Release|x64.ActiveCfg = Release|x64
		{7166C8E0-07A6-490D-B1B1-8EF16213F401}.Release|x64.Build.0 = Release|x64
		{7166C8E0-07A6-490D-B1B1-8EF16213F401}.Release|x86.ActiveCfg = Release|Win32
		{7166C8E0-07A6-490D-B1B1-8EF16213F401}.Release|x86.Build.0 = Release|Win32
		{01FB08C8-1240-4126-BA34-CD28E4AD6843}.Debug|x64.ActiveCfg = Debug|x64
		{01FB08C8-1240-4126-BA34-CD28E4AD6843}.Debug|x64.Build.0 = Debug|x64
		{01FB08C8-1240-4126-BA34-CD28E4AD6843}.Debug|x86.ActiveCfg = Debug|Win32
		{01FB08C8-1240-4126-BA34-CD28E4AD6843}.Debug|x86.Build.0 = Debug|Win32
		{01FB08C8-1240-4126-BA34-CD28E4AD6843}.Release|x64.ActiveCfg = Release|x64
		{01FB08C8-1240-4126-BA34-CD28E4AD6843}.Release|x64.Build.0 = Release|x64
		{01FB08C8-1240-4126-BA34-CD28E4AD6843}.Release|x86.ActiveCfg = Release|Win32
		{01FB08C8-1240-4126-BA34-CD28E4AD6843}.Release|x86.Build.0 = Release|Win32
		{3B65DD09-BA63-478C-9D03-1E61F6E5AFCE}.Debug|x64.ActiveCfg = Debug|x64
		{3B65DD09-BA63-478C-9D03-1E61F6E5AFCE}.Debug|x64.Build.0 = Debug|x64
		{3B65DD09-BA63-478C-9D03-1E61F6E5AFCE}.Debug|x86.ActiveCfg = Debug|Win32
		{3B65DD09-BA63-478C-9D03-1E61F6E5AFCE}.Debug|x86.Build.0 = Debug|Win32
		{3B65DD09-BA63-478C-9D03-1E61F6E5AFCE}.Release|x64.ActiveCfg = Release|x64
		{3B65DD09-BA63-478C-9D03-1E61F6E5AFCE}.Release|x64.Build.0 = Release|x64
		{3B65DD09-BA63-478C-9D03-1E61F6E5AFCE}.Release|x86.ActiveCfg = Release|Win32
		{3B65DD09-BA63-478C-9D03-1E61F6E5AFCE}.Release|x86.Build.0 = Release|Win32
		{6866289A-08F7-40F5-9A37-68C9E9C6A520}.Debug|x64.ActiveCfg = Debug|x64
		{6866289A-08F7-40F5-9A37-68C9E9C6A520}.Debug|x64.Build.0 = Debug|x64
		{6866289A-08F7-40F5-9A37-68C9E9C6A520}.Debug|x86.ActiveCfg = Debug|Win32
		{6866289A-08F7-40F5-9A37-68C9E9C6A520}.Debug|x86.Build.0 = Debug|Win32
		{6866289A-08F7-40F5-9A37-68C9E9C6A520}.Release|x64.ActiveCfg = Release|x64
		{6866289A-08F7-40F5-9A37-68C9E9C6A520}.Release|x64.Build.0 = Release|x64
		{6866289A-08F7-40F5-9A37-68C9E9C6A520}.Release|x86.ActiveCfg = Release|Win32
		{6866289A-08F7-40F5-9A37-68C9E9C6A520}.Release|x86.Build.0 = Release|Win32
		{059D7A35-0064-49D1-B4BE-B990E349BD01}.Debug|x64.ActiveCfg = Debug|x64
		{059D7A35-0064-49D1-B4BE-B990E349BD01}.Debug|x64.Build.0 = Debug|x64
		{059D7A35-0064-49D1-B4BE-B990E349BD01}.Debug|x86.ActiveCfg = Debug|Win32
		{059D7A35-0064-49D1-B4BE-B990E349BD01}.Debug|x86.Build.0 = Debug|Win32
		{059D7A35-0064-49D1-B4BE-B990E349BD01}.Release|x64.ActiveCfg = Release|x64
		{059D7A35-0064-49D1-B4BE-B990E349BD01}.Release|x64.Build.0 = Release|x64
		{059D7A35-0064-49D1-B4BE-B990E349BD01}.Release|x86.ActiveCfg = Release|Win32
		{059D7A35-0064-49D1-B4BE-B990E349BD01}.Release|x86.Build.0 = Release|Win32
		{E76F28B8-4E83-4DC7-9D85-DC2B8E0D829D}.Debug|x64.ActiveCfg = Debug|x64
		{E76F28B8-4E83-4DC7-9D85-DC2B8E0D829D}.Debug|x64.Build.0 = Debug|x64
		{E76F28B8-4E83-4DC7-9D85-DC2B8E0D829D}.Debug|x86.ActiveCfg = Debug|Win32
		{E76F28B8-4E83-4DC7-9D85-DC2B8E0D829D}.Debug|x86.Build.0 = Debug|Win32
		{E76F28B8-4E83-4DC7-9D85-DC2B8E0D829D}.Release|x64.ActiveCfg = Release|x64
		{E76F28B8-4E83-4DC7-9D85-DC2B8E0D829D}.Release|x64.Build.0 = Release|x64
		{E76F28B8-4E83-4DC7-9D85-DC2B8E0D829D}.Release|x86.ActiveCfg = Release|Win32
		{E76F28B8-4E83-4DC7-9D85-DC2B8E0D829D}.Release|x86.Build.0 = Release|Win32
		{D4A7E836-DBE2-40C4-8C31-8B1CB63C1A0F}.Debug|x64.ActiveCfg = Debug|x64
		{D4A7E836-DBE2-40C4-8C31-8B1CB63C1A0F}.Debug|x64.Build.0 = Debug|x64
		{D4A7E836-DBE2-40C4-8C31-8B1CB63C1A0F}.Debug|x86.ActiveCfg = Debug|Win32
		{D4A7E836-DBE2-40C4-8C31-8B1CB63C1A0F}.Debug|x86.Build.0 = Debug|Win32
		{D4A7E836-DBE2-40C4-8C31-8B1CB63C1A0F}.Release|x64.ActiveCfg = Release|x64
		{D4A7E836-DBE2-40C4-8C31-8B1CB63C1A0F}.Release|x64.Build.0 = Release|x64
		{D4A7E836-DBE2-40C4-8C31-8B1CB63C1A0F}.Release|x86.ActiveCfg = Release|Win32
		{D4A7E836-DBE2-40C4-8C31-8B1CB63C1A0F}.Release|x86.Build.0 = Release|Win32
		{9B4E6584-FB92-4EB0-8584-28CE700167C5}.Debug|x64.ActiveCfg = Debug|x64
		{9B4E6584-FB92-4EB0-8584-28CE700167C5}.Debug|x64.Build.0 = Debug|x64
		{9B4E6584-FB92-4EB0-8584-28CE700167C5}.Debug|x86.ActiveCfg = Debug|Win32
		{9B4E6584-FB92-4EB0-8584-28CE700167C5}.Debug|x86.Build.0 = Debug|Win32
		{9B4E6584-FB92-4EB0-8584-28CE700167C5}.Release|x64.ActiveCfg = Release|x64
		{9B4E6584-FB92-4EB0-8584-28CE700167C5}.Release|x64.Build.0 = Release|x64
		{9B4E6584-FB92-4EB0-8584-28CE700167C5}.Release|x86.ActiveCfg = Release|Win32
		{9B4E6584-FB92-4EB0-8584-28CE700167C5}.Release|x86.Build.0 = Release|Win32
		{354996DA-078A-4C45-A3E6-931B9E9B5EAC}.Debug|x64.ActiveCfg = Debug|x64
		{354996DA-078A-4C45-A3E6-931B9E9B5EAC}.Debug|x64.Build.0 = Debug|x64
		{354996DA-078A-4C45-A3E6-931B9E9B5EAC}.Debug|x86.ActiveCfg = Debug|Win32
		{354996DA-078A-4C45-A3E6-931B9E9B5EAC}.Debug|x86.Build.0 = Debug|Win32
		{354996DA-078A-4C45-A3E6-931B9E9B5EAC}.Release|x64.ActiveCfg = Release|x64
		{354996DA-078A-4C45-A3E6-931B9E9B5EAC}.Release|x64.Build.0 = Release|x64
		{354996DA-078A-4C45-A3E6-931B9E9B5EAC}.Release|x86.ActiveCfg = Release|Win32
		{354996DA-078A-4C45-A3E6-931B9E9B5EAC}.Release|x86.Build.0 = Release|Win32
		{127DF41A-7C36-45D0-B591-5E1F81A3E2C2}.Debug|x64.ActiveCfg = Debug|x64
		{127DF41A-7C36-45D0-B591-5E1F81A3E2C2}.Debug|x64.Build.0 = Debug|x64
		{127DF41A-7C36-45D0-B591-5E1F81A3E2C2}.Debug|x86.ActiveCfg = Debug|Win32
		{127DF41A-7C36-45D0-B591-5E1F81A3E2C2}.Debug|x86.Build.0 = Debug|Win32
		{127DF41A-7C36-45D0-B591-5E1F81A3E2C2}.Release|x64.ActiveCfg = Release|x64
		{127DF41A-7C36-45D0-B591-5E1F81A3E2C2}.Release|x64.Build.0 = Release|x64
		{127DF41A-7C36-45D0-B591-5E1F81A3E2C2}.Release|x86.ActiveCfg = Release|Win32
		{127DF41A-7C36-45D0-B591-5E1F81A3E2C2}.Release|x86.Build.0 = Release|Win32
		{94D60A71-032E-47B0-81C0-CF12DFD43DDF}.Debug|x64.ActiveCfg = Debug|x64
		{94D60A71-032E-47B0-81C0-CF12DFD43DDF}.Debug|x64.Build.0 = Debug|x64
		{94D60A71-032E-47B0-81C0-CF12DFD43DDF}.Debug|x86.ActiveCfg = Debug|Win32
		{94D60A71-032E-47B0-81C0-CF12DFD43DDF}.Debug|x86.Build.0 = Debug|Win32
		{94D60A71-032E-47B0-81C0-CF12DFD43DDF}.Release|x64.ActiveCfg = Release|x64
		{94D60A71-032E-47B0-81C0-CF12DFD43DDF}.Release|x64.Build.0 = Release|x64
		{94D60A71-032E-47B0-81C0-CF12DFD43DDF}.Release|x86.ActiveCfg = Release|Win32
		{94D60A71-032E-47B0-81C0-CF12DFD43DDF}.Release|x86.Build.0 = Release|Win32
		{285F201F-FA40-4A3D-BDE9-D8BD73A98869}.Debug|x64.ActiveCfg = Debug|x64
		{285F201F-FA40-4A3D-BDE9-D8BD73A98869}.Debug|x64.Build.0 = Debug|x64
		{285F201F-FA40-4A3D-BDE9-D8BD73A98869}.Debug|x86.ActiveCfg = Debug|Win32
		{285F201F-FA40-4A3D-BDE9-D8BD73A98869}.Debug|x86.Build.0 = Debug|Win32
		{285F201F-FA40-4A3D-BDE9-D8BD73A98869}.Release|x64.ActiveCfg = Release|x64
		{285F201F-FA40-4A3D-BDE9-D8BD73A98869}.Release|x64.Build.0 = Release|x64
		{285F201F-FA40-4A3D-BDE9-D8BD73A98869}.Release|x86.ActiveCfg = Release|Win32
		{285F201F-FA40-4A3D-BDE9-D8BD73A98869}.Release|x86.Build.0 = Release|Win32
	EndGlobalSection
	GlobalSection(SolutionProperties) = preSolution
		HideSolutionNode = FALSE
	EndGlobalSection
	GlobalSection(ExtensibilityGlobals) = postSolution
		SolutionGuid = {3C6504E4-157F-4F75-9ABD-77A99C67FBC6}
	EndGlobalSection
EndGlobal
